
Microsoft Visual Studio Solution File, Format Version 12.00
# Visual Studio Version 17
VisualStudioVersion = 17.6.33723.286
MinimumVisualStudioVersion = 10.0.40219.1
Project("{8BC9CEB8-8B4A-11D0-8D11-00A0C91BC942}") = "Paradigma00P2", "Paradigma00P2\Paradigma00P2.vcxproj", "{5F80E513-04D4-4D7D-8DCD-FFC1E0D9BAE0}"
EndProject
Project("{8BC9CEB8-8B4A-11D0-8D11-00A0C91BC942}") = "solveMultiwaris", "solveMultiwaris\solveMultiwaris.vcxproj", "{DB1E8593-7D00-40B9-B5DB-5710334CB926}"
EndProject
Project("{8BC9CEB8-8B4A-11D0-8D11-00A0C91BC942}") = "Programno0verriding", "Programno0verriding\Programno0verriding.vcxproj", "{73DDAD77-B7B5-411F-BB5E-64DC675617E8}"
EndProject
Project("{8BC9CEB8-8B4A-11D0-8D11-00A0C91BC942}") = "programnoPewarisan", "programnoPewarisan\programnoPewarisan.vcxproj", "{CA8C6F9A-8A4E-4263-B085-0C355C4A8F08}"
EndProject
Global
	GlobalSection(SolutionConfigurationPlatforms) = preSolution
		Debug|x64 = Debug|x64
		Debug|x86 = Debug|x86
		Release|x64 = Release|x64
		Release|x86 = Release|x86
	EndGlobalSection
	GlobalSection(ProjectConfigurationPlatforms) = postSolution
		{5F80E513-04D4-4D7D-8DCD-FFC1E0D9BAE0}.Debug|x64.ActiveCfg = Debug|x64
		{5F80E513-04D4-4D7D-8DCD-FFC1E0D9BAE0}.Debug|x64.Build.0 = Debug|x64
		{5F80E513-04D4-4D7D-8DCD-FFC1E0D9BAE0}.Debug|x86.ActiveCfg = Debug|Win32
		{5F80E513-04D4-4D7D-8DCD-FFC1E0D9BAE0}.Debug|x86.Build.0 = Debug|Win32
		{5F80E513-04D4-4D7D-8DCD-FFC1E0D9BAE0}.Release|x64.ActiveCfg = Release|x64
		{5F80E513-04D4-4D7D-8DCD-FFC1E0D9BAE0}.Release|x64.Build.0 = Release|x64
		{5F80E513-04D4-4D7D-8DCD-FFC1E0D9BAE0}.Release|x86.ActiveCfg = Release|Win32
		{5F80E513-04D4-4D7D-8DCD-FFC1E0D9BAE0}.Release|x86.Build.0 = Release|Win32
		{DB1E8593-7D00-40B9-B5DB-5710334CB926}.Debug|x64.ActiveCfg = Debug|x64
		{DB1E8593-7D00-40B9-B5DB-5710334CB926}.Debug|x64.Build.0 = Debug|x64
		{DB1E8593-7D00-40B9-B5DB-5710334CB926}.Debug|x86.ActiveCfg = Debug|Win32
		{DB1E8593-7D00-40B9-B5DB-5710334CB926}.Debug|x86.Build.0 = Debug|Win32
		{DB1E8593-7D00-40B9-B5DB-5710334CB926}.Release|x64.ActiveCfg = Release|x64
		{DB1E8593-7D00-40B9-B5DB-5710334CB926}.Release|x64.Build.0 = Release|x64
		{DB1E8593-7D00-40B9-B5DB-5710334CB926}.Release|x86.ActiveCfg = Release|Win32
		{DB1E8593-7D00-40B9-B5DB-5710334CB926}.Release|x86.Build.0 = Release|Win32
		{73DDAD77-B7B5-411F-BB5E-64DC675617E8}.Debug|x64.ActiveCfg = Debug|x64
		{73DDAD77-B7B5-411F-BB5E-64DC675617E8}.Debug|x64.Build.0 = Debug|x64
		{73DDAD77-B7B5-411F-BB5E-64DC675617E8}.Debug|x86.ActiveCfg = Debug|Win32
		{73DDAD77-B7B5-411F-BB5E-64DC675617E8}.Debug|x86.Build.0 = Debug|Win32
		{73DDAD77-B7B5-411F-BB5E-64DC675617E8}.Release|x64.ActiveCfg = Release|x64
		{73DDAD77-B7B5-411F-BB5E-64DC675617E8}.Release|x64.Build.0 = Release|x64
		{73DDAD77-B7B5-411F-BB5E-64DC675617E8}.Release|x86.ActiveCfg = Release|Win32
		{73DDAD77-B7B5-411F-BB5E-64DC675617E8}.Release|x86.Build.0 = Release|Win32
		{CA8C6F9A-8A4E-4263-B085-0C355C4A8F08}.Debug|x64.ActiveCfg = Debug|x64
		{CA8C6F9A-8A4E-4263-B085-0C355C4A8F08}.Debug|x64.Build.0 = Debug|x64
		{CA8C6F9A-8A4E-4263-B085-0C355C4A8F08}.Debug|x86.ActiveCfg = Debug|Win32
		{CA8C6F9A-8A4E-4263-B085-0C355C4A8F08}.Debug|x86.Build.0 = Debug|Win32
		{CA8C6F9A-8A4E-4263-B085-0C355C4A8F08}.Release|x64.ActiveCfg = Release|x64
		{CA8C6F9A-8A4E-4263-B085-0C355C4A8F08}.Release|x64.Build.0 = Release|x64
		{CA8C6F9A-8A4E-4263-B085-0C355C4A8F08}.Release|x86.ActiveCfg = Release|Win32
		{CA8C6F9A-8A4E-4263-B085-0C355C4A8F08}.Release|x86.Build.0 = Release|Win32
	EndGlobalSection
	GlobalSection(SolutionProperties) = preSolution
		HideSolutionNode = FALSE
	EndGlobalSection
	GlobalSection(ExtensibilityGlobals) = postSolution
		SolutionGuid = {4CBA1656-28BB-4236-BC51-C2AE8990F68A}
	EndGlobalSection
EndGlobal
